schema: '2.0'
stages:
  data_ingestion:
    cmd: python src/data_ingestion.py
    deps:
    - path: src/data_ingestion.py
      hash: md5
      md5: e3127b551a04a9f91cfa7fc5d759b2fe
      size: 378
    outs:
    - path: data
      hash: md5
      md5: 41297cf7983edcbefc057a9315fdcfec.dir
      size: 36469
      nfiles: 1
